
Microsoft Visual Studio Solution File, Format Version 12.00
# Visual Studio Version 16
VisualStudioVersion = 16.0.30225.117
MinimumVisualStudioVersion = 10.0.40219.1
Project("{FAE04EC0-301F-11D3-BF4B-00C04F79EFBC}") = "WebApplication1", "WebApplication1\WebApplication1.csproj", "{5660CB0F-6EC3-4946-9B48-908C2A3E612B}"
EndProject
Global
	GlobalSection(SolutionConfigurationPlatforms) = preSolution
		Debug|Any CPU = Debug|Any CPU
		Release|Any CPU = Release|Any CPU
	EndGlobalSection
	GlobalSection(ProjectConfigurationPlatforms) = postSolution
		{5660CB0F-6EC3-4946-9B48-908C2A3E612B}.Debug|Any CPU.ActiveCfg = Debug|Any CPU
		{5660CB0F-6EC3-4946-9B48-908C2A3E612B}.Debug|Any CPU.Build.0 = Debug|Any CPU
		{5660CB0F-6EC3-4946-9B48-908C2A3E612B}.Release|Any CPU.ActiveCfg = Release|Any CPU
		{5660CB0F-6EC3-4946-9B48-908C2A3E612B}.Release|Any CPU.Build.0 = Release|Any CPU
	EndGlobalSection
	GlobalSection(SolutionProperties) = preSolution
		HideSolutionNode = FALSE
	EndGlobalSection
	GlobalSection(ExtensibilityGlobals) = postSolution
		SolutionGuid = {66C7AD52-A72A-405C-B981-C7F7EA3F7318}
	EndGlobalSection
EndGlobal
